
Microsoft Visual Studio Solution File, Format Version 12.00
# Visual Studio Version 17
VisualStudioVersion = 17.8.34525.116
MinimumVisualStudioVersion = 10.0.40219.1
Project("{FAE04EC0-301F-11D3-BF4B-00C04F79EFBC}") = "LekeCozumleri.Entities", "LekeCozumleri.Entities\LekeCozumleri.Entities.csproj", "{74050B60-A5E2-46CC-B3B0-E147ED9F4BDC}"
EndProject
Project("{FAE04EC0-301F-11D3-BF4B-00C04F79EFBC}") = "LekeCozumleri.DataAccessLayer", "LekeCozumleri.DataAccessLayer\LekeCozumleri.DataAccessLayer.csproj", "{88D4D3F9-061F-4E81-85EF-9F6DD3A83265}"
EndProject
Project("{FAE04EC0-301F-11D3-BF4B-00C04F79EFBC}") = "LekeCozumleri.BusinessLayer", "LekeCozumleri.BusinessLayer\LekeCozumleri.BusinessLayer.csproj", "{A3534B36-BB81-42B2-AE23-992996F6D0A6}"
EndProject
Project("{FAE04EC0-301F-11D3-BF4B-00C04F79EFBC}") = "LekeCozumleri.API", "LekeCozumleri.API\LekeCozumleri.API.csproj", "{FC2E2925-EF99-4F14-B015-3527D186C275}"
EndProject
Project("{FAE04EC0-301F-11D3-BF4B-00C04F79EFBC}") = "LekeCozumleri.DtoLayer", "LekeCozumleri.DtoLayer\LekeCozumleri.DtoLayer.csproj", "{5F8485F5-80AE-4C0D-81F4-B5F14E11D492}"
EndProject
Global
	GlobalSection(SolutionConfigurationPlatforms) = preSolution
		Debug|Any CPU = Debug|Any CPU
		Release|Any CPU = Release|Any CPU
	EndGlobalSection
	GlobalSection(ProjectConfigurationPlatforms) = postSolution
		{74050B60-A5E2-46CC-B3B0-E147ED9F4BDC}.Debug|Any CPU.ActiveCfg = Debug|Any CPU
		{74050B60-A5E2-46CC-B3B0-E147ED9F4BDC}.Debug|Any CPU.Build.0 = Debug|Any CPU
		{74050B60-A5E2-46CC-B3B0-E147ED9F4BDC}.Release|Any CPU.ActiveCfg = Release|Any CPU
		{74050B60-A5E2-46CC-B3B0-E147ED9F4BDC}.Release|Any CPU.Build.0 = Release|Any CPU
		{88D4D3F9-061F-4E81-85EF-9F6DD3A83265}.Debug|Any CPU.ActiveCfg = Debug|Any CPU
		{88D4D3F9-061F-4E81-85EF-9F6DD3A83265}.Debug|Any CPU.Build.0 = Debug|Any CPU
		{88D4D3F9-061F-4E81-85EF-9F6DD3A83265}.Release|Any CPU.ActiveCfg = Release|Any CPU
		{88D4D3F9-061F-4E81-85EF-9F6DD3A83265}.Release|Any CPU.Build.0 = Release|Any CPU
		{A3534B36-BB81-42B2-AE23-992996F6D0A6}.Debug|Any CPU.ActiveCfg = Debug|Any CPU
		{A3534B36-BB81-42B2-AE23-992996F6D0A6}.Debug|Any CPU.Build.0 = Debug|Any CPU
		{A3534B36-BB81-42B2-AE23-992996F6D0A6}.Release|Any CPU.ActiveCfg = Release|Any CPU
		{A3534B36-BB81-42B2-AE23-992996F6D0A6}.Release|Any CPU.Build.0 = Release|Any CPU
		{FC2E2925-EF99-4F14-B015-3527D186C275}.Debug|Any CPU.ActiveCfg = Debug|Any CPU
		{FC2E2925-EF99-4F14-B015-3527D186C275}.Debug|Any CPU.Build.0 = Debug|Any CPU
		{FC2E2925-EF99-4F14-B015-3527D186C275}.Release|Any CPU.ActiveCfg = Release|Any CPU
		{FC2E2925-EF99-4F14-B015-3527D186C275}.Release|Any CPU.Build.0 = Release|Any CPU
		{5F8485F5-80AE-4C0D-81F4-B5F14E11D492}.Debug|Any CPU.ActiveCfg = Debug|Any CPU
		{5F8485F5-80AE-4C0D-81F4-B5F14E11D492}.Debug|Any CPU.Build.0 = Debug|Any CPU
		{5F8485F5-80AE-4C0D-81F4-B5F14E11D492}.Release|Any CPU.ActiveCfg = Release|Any CPU
		{5F8485F5-80AE-4C0D-81F4-B5F14E11D492}.Release|Any CPU.Build.0 = Release|Any CPU
	EndGlobalSection
	GlobalSection(SolutionProperties) = preSolution
		HideSolutionNode = FALSE
	EndGlobalSection
	GlobalSection(ExtensibilityGlobals) = postSolution
		SolutionGuid = {97A15AEF-9984-4A22-ACF6-29F297B55924}
	EndGlobalSection
EndGlobal
